
Microsoft Visual Studio Solution File, Format Version 12.00
# Visual Studio Version 17
VisualStudioVersion = 17.6.33815.320
MinimumVisualStudioVersion = 10.0.40219.1
Project("{9A19103F-16F7-4668-BE54-9A1E7A4F7556}") = "blogpessoal", "blogpessoal.csproj", "{06E96C1E-C91B-4D40-A5E2-1B7939900E0F}"
EndProject
Project("{FAE04EC0-301F-11D3-BF4B-00C04F79EFBC}") = "blogpessoalTest", "..\blogpessoalTest\blogpessoalTest.csproj", "{3BF4D15B-A42D-442B-8ADD-156DCFADF95B}"
EndProject
Global
	GlobalSection(SolutionConfigurationPlatforms) = preSolution
		Debug|Any CPU = Debug|Any CPU
		Release|Any CPU = Release|Any CPU
	EndGlobalSection
	GlobalSection(ProjectConfigurationPlatforms) = postSolution
		{06E96C1E-C91B-4D40-A5E2-1B7939900E0F}.Debug|Any CPU.ActiveCfg = Debug|Any CPU
		{06E96C1E-C91B-4D40-A5E2-1B7939900E0F}.Debug|Any CPU.Build.0 = Debug|Any CPU
		{06E96C1E-C91B-4D40-A5E2-1B7939900E0F}.Release|Any CPU.ActiveCfg = Release|Any CPU
		{06E96C1E-C91B-4D40-A5E2-1B7939900E0F}.Release|Any CPU.Build.0 = Release|Any CPU
		{3BF4D15B-A42D-442B-8ADD-156DCFADF95B}.Debug|Any CPU.ActiveCfg = Debug|Any CPU
		{3BF4D15B-A42D-442B-8ADD-156DCFADF95B}.Debug|Any CPU.Build.0 = Debug|Any CPU
		{3BF4D15B-A42D-442B-8ADD-156DCFADF95B}.Release|Any CPU.ActiveCfg = Release|Any CPU
		{3BF4D15B-A42D-442B-8ADD-156DCFADF95B}.Release|Any CPU.Build.0 = Release|Any CPU
	EndGlobalSection
	GlobalSection(SolutionProperties) = preSolution
		HideSolutionNode = FALSE
	EndGlobalSection
	GlobalSection(ExtensibilityGlobals) = postSolution
		SolutionGuid = {14BCDF07-7141-4CAB-AD8A-413204E7C893}
	EndGlobalSection
EndGlobal
